
Microsoft Visual Studio Solution File, Format Version 12.00
# Visual Studio Version 17
VisualStudioVersion = 17.9.34728.123
MinimumVisualStudioVersion = 10.0.40219.1
Project("{FAE04EC0-301F-11D3-BF4B-00C04F79EFBC}") = "CalculatorChallenge", "CalculatorChallenge\CalculatorChallenge.csproj", "{B3CCAA92-69F9-44E5-B13F-A6B544593795}"
EndProject
Project("{FAE04EC0-301F-11D3-BF4B-00C04F79EFBC}") = "Calculator.Tests", "..\Calculator.Tests\Calculator.Tests.csproj", "{504FC095-CFEE-4662-963F-8F27CBB0FE90}"
EndProject
Global
	GlobalSection(SolutionConfigurationPlatforms) = preSolution
		Debug|Any CPU = Debug|Any CPU
		Release|Any CPU = Release|Any CPU
	EndGlobalSection
	GlobalSection(ProjectConfigurationPlatforms) = postSolution
		{B3CCAA92-69F9-44E5-B13F-A6B544593795}.Debug|Any CPU.ActiveCfg = Debug|Any CPU
		{B3CCAA92-69F9-44E5-B13F-A6B544593795}.Debug|Any CPU.Build.0 = Debug|Any CPU
		{B3CCAA92-69F9-44E5-B13F-A6B544593795}.Release|Any CPU.ActiveCfg = Release|Any CPU
		{B3CCAA92-69F9-44E5-B13F-A6B544593795}.Release|Any CPU.Build.0 = Release|Any CPU
		{504FC095-CFEE-4662-963F-8F27CBB0FE90}.Debug|Any CPU.ActiveCfg = Debug|Any CPU
		{504FC095-CFEE-4662-963F-8F27CBB0FE90}.Debug|Any CPU.Build.0 = Debug|Any CPU
		{504FC095-CFEE-4662-963F-8F27CBB0FE90}.Release|Any CPU.ActiveCfg = Release|Any CPU
		{504FC095-CFEE-4662-963F-8F27CBB0FE90}.Release|Any CPU.Build.0 = Release|Any CPU
	EndGlobalSection
	GlobalSection(SolutionProperties) = preSolution
		HideSolutionNode = FALSE
	EndGlobalSection
	GlobalSection(ExtensibilityGlobals) = postSolution
		SolutionGuid = {7B9228E2-B235-4B97-A1BA-AB8A6BA1A1B9}
	EndGlobalSection
EndGlobal
